
Microsoft Visual Studio Solution File, Format Version 12.00
# Visual Studio 15
VisualStudioVersion = 15.0.28307.329
MinimumVisualStudioVersion = 10.0.40219.1
Project("{888888A0-9F3D-457C-B088-3A5042F75D52}") = "SVGIcons", "SVGIcons\SVGIcons.pyproj", "{584456E6-8B64-463D-910F-E261C7EFD3A3}"
EndProject
Global
	GlobalSection(SolutionConfigurationPlatforms) = preSolution
		Debug|Any CPU = Debug|Any CPU
		Release|Any CPU = Release|Any CPU
	EndGlobalSection
	GlobalSection(ProjectConfigurationPlatforms) = postSolution
		{584456E6-8B64-463D-910F-E261C7EFD3A3}.Debug|Any CPU.ActiveCfg = Debug|Any CPU
		{584456E6-8B64-463D-910F-E261C7EFD3A3}.Release|Any CPU.ActiveCfg = Release|Any CPU
	EndGlobalSection
	GlobalSection(SolutionProperties) = preSolution
		HideSolutionNode = FALSE
	EndGlobalSection
	GlobalSection(ExtensibilityGlobals) = postSolution
		SolutionGuid = {F5579F67-2DC0-4B5B-B30D-8C0B9889A591}
	EndGlobalSection
EndGlobal
